
Microsoft Visual Studio Solution File, Format Version 12.00
# Visual Studio Version 16
VisualStudioVersion = 16.0.29326.143
MinimumVisualStudioVersion = 10.0.40219.1
Project("{FAE04EC0-301F-11D3-BF4B-00C04F79EFBC}") = "P01.InitialSetup", "P01.InitialSetup\P01.InitialSetup.csproj", "{7B2D3EE2-4CB4-4FAC-8795-4E86FA9631BF}"
EndProject
Project("{FAE04EC0-301F-11D3-BF4B-00C04F79EFBC}") = "P02.VillainNames", "P02.VillainNames\P02.VillainNames.csproj", "{24E98962-4E2D-4EDA-9885-000038C90A01}"
EndProject
Global
	GlobalSection(SolutionConfigurationPlatforms) = preSolution
		Debug|Any CPU = Debug|Any CPU
		Release|Any CPU = Release|Any CPU
	EndGlobalSection
	GlobalSection(ProjectConfigurationPlatforms) = postSolution
		{7B2D3EE2-4CB4-4FAC-8795-4E86FA9631BF}.Debug|Any CPU.ActiveCfg = Debug|Any CPU
		{7B2D3EE2-4CB4-4FAC-8795-4E86FA9631BF}.Debug|Any CPU.Build.0 = Debug|Any CPU
		{7B2D3EE2-4CB4-4FAC-8795-4E86FA9631BF}.Release|Any CPU.ActiveCfg = Release|Any CPU
		{7B2D3EE2-4CB4-4FAC-8795-4E86FA9631BF}.Release|Any CPU.Build.0 = Release|Any CPU
		{24E98962-4E2D-4EDA-9885-000038C90A01}.Debug|Any CPU.ActiveCfg = Debug|Any CPU
		{24E98962-4E2D-4EDA-9885-000038C90A01}.Debug|Any CPU.Build.0 = Debug|Any CPU
		{24E98962-4E2D-4EDA-9885-000038C90A01}.Release|Any CPU.ActiveCfg = Release|Any CPU
		{24E98962-4E2D-4EDA-9885-000038C90A01}.Release|Any CPU.Build.0 = Release|Any CPU
	EndGlobalSection
	GlobalSection(SolutionProperties) = preSolution
		HideSolutionNode = FALSE
	EndGlobalSection
	GlobalSection(ExtensibilityGlobals) = postSolution
		SolutionGuid = {FF2EC732-C140-4E0A-A12D-778FDF9DE680}
	EndGlobalSection
EndGlobal
