
Microsoft Visual Studio Solution File, Format Version 12.00
# Visual Studio Version 16
VisualStudioVersion = 16.0.29326.143
MinimumVisualStudioVersion = 10.0.40219.1
Project("{9A19103F-16F7-4668-BE54-9A1E7A4F7556}") = "P01.StudentSystem", "P01.StudentSystem\P01.StudentSystem.csproj", "{2B71C9BA-DA1E-4169-A4FF-8E257D900680}"
EndProject
Project("{FAE04EC0-301F-11D3-BF4B-00C04F79EFBC}") = "P03.FootballBetting", "P03.FootballBetting\P03.FootballBetting.csproj", "{76497781-F7F7-4370-B18D-BB6A65599D39}"
EndProject
Global
	GlobalSection(SolutionConfigurationPlatforms) = preSolution
		Debug|Any CPU = Debug|Any CPU
		Release|Any CPU = Release|Any CPU
	EndGlobalSection
	GlobalSection(ProjectConfigurationPlatforms) = postSolution
		{2B71C9BA-DA1E-4169-A4FF-8E257D900680}.Debug|Any CPU.ActiveCfg = Debug|Any CPU
		{2B71C9BA-DA1E-4169-A4FF-8E257D900680}.Debug|Any CPU.Build.0 = Debug|Any CPU
		{2B71C9BA-DA1E-4169-A4FF-8E257D900680}.Release|Any CPU.ActiveCfg = Release|Any CPU
		{2B71C9BA-DA1E-4169-A4FF-8E257D900680}.Release|Any CPU.Build.0 = Release|Any CPU
		{76497781-F7F7-4370-B18D-BB6A65599D39}.Debug|Any CPU.ActiveCfg = Debug|Any CPU
		{76497781-F7F7-4370-B18D-BB6A65599D39}.Debug|Any CPU.Build.0 = Debug|Any CPU
		{76497781-F7F7-4370-B18D-BB6A65599D39}.Release|Any CPU.ActiveCfg = Release|Any CPU
		{76497781-F7F7-4370-B18D-BB6A65599D39}.Release|Any CPU.Build.0 = Release|Any CPU
	EndGlobalSection
	GlobalSection(SolutionProperties) = preSolution
		HideSolutionNode = FALSE
	EndGlobalSection
	GlobalSection(ExtensibilityGlobals) = postSolution
		SolutionGuid = {674A6393-917B-4756-9E4B-D8628438A605}
	EndGlobalSection
EndGlobal
